
Microsoft Visual Studio Solution File, Format Version 12.00
# Visual Studio 15
VisualStudioVersion = 15.0.27130.2024
MinimumVisualStudioVersion = 10.0.40219.1
Project("{FAE04EC0-301F-11D3-BF4B-00C04F79EFBC}") = "VisaPayApp.Android", "VisaPayApp\VisaPayApp.Android\VisaPayApp.Android.csproj", "{3A6441F3-911D-492D-80A1-D29A252F5CAE}"
EndProject
Project("{FAE04EC0-301F-11D3-BF4B-00C04F79EFBC}") = "VisaPayApp.iOS", "VisaPayApp\VisaPayApp.iOS\VisaPayApp.iOS.csproj", "{30F6A2DE-4954-4F7D-AB01-9E0BA3F24DCC}"
EndProject
Project("{FAE04EC0-301F-11D3-BF4B-00C04F79EFBC}") = "VisaPayApp.UWP", "VisaPayApp\VisaPayApp.UWP\VisaPayApp.UWP.csproj", "{CF51C037-BFD3-4359-8F7C-8872729C81DA}"
EndProject
Project("{D954291E-2A0B-460D-934E-DC6B0785DB48}") = "VisaPayApp", "VisaPayApp\VisaPayApp\VisaPayApp.shproj", "{CFE250EC-F211-4006-805F-09529509AB25}"
EndProject
Global
	GlobalSection(SharedMSBuildProjectFiles) = preSolution
		VisaPayApp\VisaPayApp\VisaPayApp.projitems*{30f6a2de-4954-4f7d-ab01-9e0ba3f24dcc}*SharedItemsImports = 4
		VisaPayApp\VisaPayApp\VisaPayApp.projitems*{3a6441f3-911d-492d-80a1-d29a252f5cae}*SharedItemsImports = 4
		VisaPayApp\VisaPayApp\VisaPayApp.projitems*{cf51c037-bfd3-4359-8f7c-8872729c81da}*SharedItemsImports = 4
		VisaPayApp\VisaPayApp\VisaPayApp.projitems*{cfe250ec-f211-4006-805f-09529509ab25}*SharedItemsImports = 13
	EndGlobalSection
	GlobalSection(SolutionConfigurationPlatforms) = preSolution
		Ad-Hoc|Any CPU = Ad-Hoc|Any CPU
		Ad-Hoc|ARM = Ad-Hoc|ARM
		Ad-Hoc|iPhone = Ad-Hoc|iPhone
		Ad-Hoc|iPhoneSimulator = Ad-Hoc|iPhoneSimulator
		Ad-Hoc|x64 = Ad-Hoc|x64
		Ad-Hoc|x86 = Ad-Hoc|x86
		AppStore|Any CPU = AppStore|Any CPU
		AppStore|ARM = AppStore|ARM
		AppStore|iPhone = AppStore|iPhone
		AppStore|iPhoneSimulator = AppStore|iPhoneSimulator
		AppStore|x64 = AppStore|x64
		AppStore|x86 = AppStore|x86
		Debug|Any CPU = Debug|Any CPU
		Debug|ARM = Debug|ARM
		Debug|iPhone = Debug|iPhone
		Debug|iPhoneSimulator = Debug|iPhoneSimulator
		Debug|x64 = Debug|x64
		Debug|x86 = Debug|x86
		Release|Any CPU = Release|Any CPU
		Release|ARM = Release|ARM
		Release|iPhone = Release|iPhone
		Release|iPhoneSimulator = Release|iPhoneSimulator
		Release|x64 = Release|x64
		Release|x86 = Release|x86
	EndGlobalSection
	GlobalSection(ProjectConfigurationPlatforms) = postSolution
		{3A6441F3-911D-492D-80A1-D29A252F5CAE}.Ad-Hoc|Any CPU.ActiveCfg = Release|Any CPU
		{3A6441F3-911D-492D-80A1-D29A252F5CAE}.Ad-Hoc|Any CPU.Build.0 = Release|Any CPU
		{3A6441F3-911D-492D-80A1-D29A252F5CAE}.Ad-Hoc|Any CPU.Deploy.0 = Release|Any CPU
		{3A6441F3-911D-492D-80A1-D29A252F5CAE}.Ad-Hoc|ARM.ActiveCfg = Release|Any CPU
		{3A6441F3-911D-492D-80A1-D29A252F5CAE}.Ad-Hoc|ARM.Build.0 = Release|Any CPU
		{3A6441F3-911D-492D-80A1-D29A252F5CAE}.Ad-Hoc|ARM.Deploy.0 = Release|Any CPU
		{3A6441F3-911D-492D-80A1-D29A252F5CAE}.Ad-Hoc|iPhone.ActiveCfg = Release|Any CPU
		{3A6441F3-911D-492D-80A1-D29A252F5CAE}.Ad-Hoc|iPhone.Build.0 = Release|Any CPU
		{3A6441F3-911D-492D-80A1-D29A252F5CAE}.Ad-Hoc|iPhone.Deploy.0 = Release|Any CPU
		{3A6441F3-911D-492D-80A1-D29A252F5CAE}.Ad-Hoc|iPhoneSimulator.ActiveCfg = Release|Any CPU
		{3A6441F3-911D-492D-80A1-D29A252F5CAE}.Ad-Hoc|iPhoneSimulator.Build.0 = Release|Any CPU
		{3A6441F3-911D-492D-80A1-D29A252F5CAE}.Ad-Hoc|iPhoneSimulator.Deploy.0 = Release|Any CPU
		{3A6441F3-911D-492D-80A1-D29A252F5CAE}.Ad-Hoc|x64.ActiveCfg = Release|Any CPU
		{3A6441F3-911D-492D-80A1-D29A252F5CAE}.Ad-Hoc|x64.Build.0 = Release|Any CPU
		{3A6441F3-911D-492D-80A1-D29A252F5CAE}.Ad-Hoc|x64.Deploy.0 = Release|Any CPU
		{3A6441F3-911D-492D-80A1-D29A252F5CAE}.Ad-Hoc|x86.ActiveCfg = Release|Any CPU
		{3A6441F3-911D-492D-80A1-D29A252F5CAE}.Ad-Hoc|x86.Build.0 = Release|Any CPU
		{3A6441F3-911D-492D-80A1-D29A252F5CAE}.Ad-Hoc|x86.Deploy.0 = Release|Any CPU
		{3A6441F3-911D-492D-80A1-D29A252F5CAE}.AppStore|Any CPU.ActiveCfg = Release|Any CPU
		{3A6441F3-911D-492D-80A1-D29A252F5CAE}.AppStore|Any CPU.Build.0 = Release|Any CPU
		{3A6441F3-911D-492D-80A1-D29A252F5CAE}.AppStore|Any CPU.Deploy.0 = Release|Any CPU
		{3A6441F3-911D-492D-80A1-D29A252F5CAE}.AppStore|ARM.ActiveCfg = Release|Any CPU
		{3A6441F3-911D-492D-80A1-D29A252F5CAE}.AppStore|ARM.Build.0 = Release|Any CPU
		{3A6441F3-911D-492D-80A1-D29A252F5CAE}.AppStore|ARM.Deploy.0 = Release|Any CPU
		{3A6441F3-911D-492D-80A1-D29A252F5CAE}.AppStore|iPhone.ActiveCfg = Release|Any CPU
		{3A6441F3-911D-492D-80A1-D29A252F5CAE}.AppStore|iPhone.Build.0 = Release|Any CPU
		{3A6441F3-911D-492D-80A1-D29A252F5CAE}.AppStore|iPhone.Deploy.0 = Release|Any CPU
		{3A6441F3-911D-492D-80A1-D29A252F5CAE}.AppStore|iPhoneSimulator.ActiveCfg = Release|Any CPU
		{3A6441F3-911D-492D-80A1-D29A252F5CAE}.AppStore|iPhoneSimulator.Build.0 = Release|Any CPU
		{3A6441F3-911D-492D-80A1-D29A252F5CAE}.AppStore|iPhoneSimulator.Deploy.0 = Release|Any CPU
		{3A6441F3-911D-492D-80A1-D29A252F5CAE}.AppStore|x64.ActiveCfg = Release|Any CPU
		{3A6441F3-911D-492D-80A1-D29A252F5CAE}.AppStore|x64.Build.0 = Release|Any CPU
		{3A6441F3-911D-492D-80A1-D29A252F5CAE}.AppStore|x64.Deploy.0 = Release|Any CPU
		{3A6441F3-911D-492D-80A1-D29A252F5CAE}.AppStore|x86.ActiveCfg = Release|Any CPU
		{3A6441F3-911D-492D-80A1-D29A252F5CAE}.AppStore|x86.Build.0 = Release|Any CPU
		{3A6441F3-911D-492D-80A1-D29A252F5CAE}.AppStore|x86.Deploy.0 = Release|Any CPU
		{3A6441F3-911D-492D-80A1-D29A252F5CAE}.Debug|Any CPU.ActiveCfg = Debug|Any CPU
		{3A6441F3-911D-492D-80A1-D29A252F5CAE}.Debug|Any CPU.Build.0 = Debug|Any CPU
		{3A6441F3-911D-492D-80A1-D29A252F5CAE}.Debug|Any CPU.Deploy.0 = Debug|Any CPU
		{3A6441F3-911D-492D-80A1-D29A252F5CAE}.Debug|ARM.ActiveCfg = Debug|Any CPU
		{3A6441F3-911D-492D-80A1-D29A252F5CAE}.Debug|ARM.Build.0 = Debug|Any CPU
		{3A6441F3-911D-492D-80A1-D29A252F5CAE}.Debug|ARM.Deploy.0 = Debug|Any CPU
		{3A6441F3-911D-492D-80A1-D29A252F5CAE}.Debug|iPhone.ActiveCfg = Debug|Any CPU
		{3A6441F3-911D-492D-80A1-D29A252F5CAE}.Debug|iPhone.Build.0 = Debug|Any CPU
		{3A6441F3-911D-492D-80A1-D29A252F5CAE}.Debug|iPhone.Deploy.0 = Debug|Any CPU
		{3A6441F3-911D-492D-80A1-D29A252F5CAE}.Debug|iPhoneSimulator.ActiveCfg = Debug|Any CPU
		{3A6441F3-911D-492D-80A1-D29A252F5CAE}.Debug|iPhoneSimulator.Build.0 = Debug|Any CPU
		{3A6441F3-911D-492D-80A1-D29A252F5CAE}.Debug|iPhoneSimulator.Deploy.0 = Debug|Any CPU
		{3A6441F3-911D-492D-80A1-D29A252F5CAE}.Debug|x64.ActiveCfg = Debug|Any CPU
		{3A6441F3-911D-492D-80A1-D29A252F5CAE}.Debug|x64.Build.0 = Debug|Any CPU
		{3A6441F3-911D-492D-80A1-D29A252F5CAE}.Debug|x64.Deploy.0 = Debug|Any CPU
		{3A6441F3-911D-492D-80A1-D29A252F5CAE}.Debug|x86.ActiveCfg = Debug|Any CPU
		{3A6441F3-911D-492D-80A1-D29A252F5CAE}.Debug|x86.Build.0 = Debug|Any CPU
		{3A6441F3-911D-492D-80A1-D29A252F5CAE}.Debug|x86.Deploy.0 = Debug|Any CPU
		{3A6441F3-911D-492D-80A1-D29A252F5CAE}.Release|Any CPU.ActiveCfg = Release|Any CPU
		{3A6441F3-911D-492D-80A1-D29A252F5CAE}.Release|Any CPU.Build.0 = Release|Any CPU
		{3A6441F3-911D-492D-80A1-D29A252F5CAE}.Release|Any CPU.Deploy.0 = Release|Any CPU
		{3A6441F3-911D-492D-80A1-D29A252F5CAE}.Release|ARM.ActiveCfg = Release|Any CPU
		{3A6441F3-911D-492D-80A1-D29A252F5CAE}.Release|ARM.Build.0 = Release|Any CPU
		{3A6441F3-911D-492D-80A1-D29A252F5CAE}.Release|ARM.Deploy.0 = Release|Any CPU
		{3A6441F3-911D-492D-80A1-D29A252F5CAE}.Release|iPhone.ActiveCfg = Release|Any CPU
		{3A6441F3-911D-492D-80A1-D29A252F5CAE}.Release|iPhone.Build.0 = Release|Any CPU
		{3A6441F3-911D-492D-80A1-D29A252F5CAE}.Release|iPhone.Deploy.0 = Release|Any CPU
		{3A6441F3-911D-492D-80A1-D29A252F5CAE}.Release|iPhoneSimulator.ActiveCfg = Release|Any CPU
		{3A6441F3-911D-492D-80A1-D29A252F5CAE}.Release|iPhoneSimulator.Build.0 = Release|Any CPU
		{3A6441F3-911D-492D-80A1-D29A252F5CAE}.Release|iPhoneSimulator.Deploy.0 = Release|Any CPU
		{3A6441F3-911D-492D-80A1-D29A252F5CAE}.Release|x64.ActiveCfg = Release|Any CPU
		{3A6441F3-911D-492D-80A1-D29A252F5CAE}.Release|x64.Build.0 = Release|Any CPU
		{3A6441F3-911D-492D-80A1-D29A252F5CAE}.Release|x64.Deploy.0 = Release|Any CPU
		{3A6441F3-911D-492D-80A1-D29A252F5CAE}.Release|x86.ActiveCfg = Release|Any CPU
		{3A6441F3-911D-492D-80A1-D29A252F5CAE}.Release|x86.Build.0 = Release|Any CPU
		{3A6441F3-911D-492D-80A1-D29A252F5CAE}.Release|x86.Deploy.0 = Release|Any CPU
		{30F6A2DE-4954-4F7D-AB01-9E0BA3F24DCC}.Ad-Hoc|Any CPU.ActiveCfg = Ad-Hoc|iPhone
		{30F6A2DE-4954-4F7D-AB01-9E0BA3F24DCC}.Ad-Hoc|ARM.ActiveCfg = Ad-Hoc|iPhone
		{30F6A2DE-4954-4F7D-AB01-9E0BA3F24DCC}.Ad-Hoc|iPhone.ActiveCfg = Ad-Hoc|iPhone
		{30F6A2DE-4954-4F7D-AB01-9E0BA3F24DCC}.Ad-Hoc|iPhone.Build.0 = Ad-Hoc|iPhone
		{30F6A2DE-4954-4F7D-AB01-9E0BA3F24DCC}.Ad-Hoc|iPhoneSimulator.ActiveCfg = Ad-Hoc|iPhoneSimulator
		{30F6A2DE-4954-4F7D-AB01-9E0BA3F24DCC}.Ad-Hoc|iPhoneSimulator.Build.0 = Ad-Hoc|iPhoneSimulator
		{30F6A2DE-4954-4F7D-AB01-9E0BA3F24DCC}.Ad-Hoc|x64.ActiveCfg = Ad-Hoc|iPhone
		{30F6A2DE-4954-4F7D-AB01-9E0BA3F24DCC}.Ad-Hoc|x86.ActiveCfg = Ad-Hoc|iPhone
		{30F6A2DE-4954-4F7D-AB01-9E0BA3F24DCC}.AppStore|Any CPU.ActiveCfg = AppStore|iPhone
		{30F6A2DE-4954-4F7D-AB01-9E0BA3F24DCC}.AppStore|ARM.ActiveCfg = AppStore|iPhone
		{30F6A2DE-4954-4F7D-AB01-9E0BA3F24DCC}.AppStore|iPhone.ActiveCfg = AppStore|iPhone
		{30F6A2DE-4954-4F7D-AB01-9E0BA3F24DCC}.AppStore|iPhone.Build.0 = AppStore|iPhone
		{30F6A2DE-4954-4F7D-AB01-9E0BA3F24DCC}.AppStore|iPhoneSimulator.ActiveCfg = AppStore|iPhoneSimulator
		{30F6A2DE-4954-4F7D-AB01-9E0BA3F24DCC}.AppStore|iPhoneSimulator.Build.0 = AppStore|iPhoneSimulator
		{30F6A2DE-4954-4F7D-AB01-9E0BA3F24DCC}.AppStore|x64.ActiveCfg = AppStore|iPhone
		{30F6A2DE-4954-4F7D-AB01-9E0BA3F24DCC}.AppStore|x86.ActiveCfg = AppStore|iPhone
		{30F6A2DE-4954-4F7D-AB01-9E0BA3F24DCC}.Debug|Any CPU.ActiveCfg = Debug|iPhone
		{30F6A2DE-4954-4F7D-AB01-9E0BA3F24DCC}.Debug|ARM.ActiveCfg = Debug|iPhone
		{30F6A2DE-4954-4F7D-AB01-9E0BA3F24DCC}.Debug|iPhone.ActiveCfg = Debug|iPhone
		{30F6A2DE-4954-4F7D-AB01-9E0BA3F24DCC}.Debug|iPhone.Build.0 = Debug|iPhone
		{30F6A2DE-4954-4F7D-AB01-9E0BA3F24DCC}.Debug|iPhoneSimulator.ActiveCfg = Debug|iPhoneSimulator
		{30F6A2DE-4954-4F7D-AB01-9E0BA3F24DCC}.Debug|iPhoneSimulator.Build.0 = Debug|iPhoneSimulator
		{30F6A2DE-4954-4F7D-AB01-9E0BA3F24DCC}.Debug|x64.ActiveCfg = Debug|iPhone
		{30F6A2DE-4954-4F7D-AB01-9E0BA3F24DCC}.Debug|x86.ActiveCfg = Debug|iPhone
		{30F6A2DE-4954-4F7D-AB01-9E0BA3F24DCC}.Release|Any CPU.ActiveCfg = Release|iPhone
		{30F6A2DE-4954-4F7D-AB01-9E0BA3F24DCC}.Release|ARM.ActiveCfg = Release|iPhone
		{30F6A2DE-4954-4F7D-AB01-9E0BA3F24DCC}.Release|iPhone.ActiveCfg = Release|iPhone
		{30F6A2DE-4954-4F7D-AB01-9E0BA3F24DCC}.Release|iPhone.Build.0 = Release|iPhone
		{30F6A2DE-4954-4F7D-AB01-9E0BA3F24DCC}.Release|iPhoneSimulator.ActiveCfg = Release|iPhoneSimulator
		{30F6A2DE-4954-4F7D-AB01-9E0BA3F24DCC}.Release|iPhoneSimulator.Build.0 = Release|iPhoneSimulator
		{30F6A2DE-4954-4F7D-AB01-9E0BA3F24DCC}.Release|x64.ActiveCfg = Release|iPhone
		{30F6A2DE-4954-4F7D-AB01-9E0BA3F24DCC}.Release|x86.ActiveCfg = Release|iPhone
		{CF51C037-BFD3-4359-8F7C-8872729C81DA}.Ad-Hoc|Any CPU.ActiveCfg = Release|x86
		{CF51C037-BFD3-4359-8F7C-8872729C81DA}.Ad-Hoc|Any CPU.Build.0 = Release|x86
		{CF51C037-BFD3-4359-8F7C-8872729C81DA}.Ad-Hoc|Any CPU.Deploy.0 = Release|x86
		{CF51C037-BFD3-4359-8F7C-8872729C81DA}.Ad-Hoc|ARM.ActiveCfg = Release|ARM
		{CF51C037-BFD3-4359-8F7C-8872729C81DA}.Ad-Hoc|ARM.Build.0 = Release|ARM
		{CF51C037-BFD3-4359-8F7C-8872729C81DA}.Ad-Hoc|ARM.Deploy.0 = Release|ARM
		{CF51C037-BFD3-4359-8F7C-8872729C81DA}.Ad-Hoc|iPhone.ActiveCfg = Release|x86
		{CF51C037-BFD3-4359-8F7C-8872729C81DA}.Ad-Hoc|iPhone.Build.0 = Release|x86
		{CF51C037-BFD3-4359-8F7C-8872729C81DA}.Ad-Hoc|iPhone.Deploy.0 = Release|x86
		{CF51C037-BFD3-4359-8F7C-8872729C81DA}.Ad-Hoc|iPhoneSimulator.ActiveCfg = Release|x86
		{CF51C037-BFD3-4359-8F7C-8872729C81DA}.Ad-Hoc|iPhoneSimulator.Build.0 = Release|x86
		{CF51C037-BFD3-4359-8F7C-8872729C81DA}.Ad-Hoc|iPhoneSimulator.Deploy.0 = Release|x86
		{CF51C037-BFD3-4359-8F7C-8872729C81DA}.Ad-Hoc|x64.ActiveCfg = Release|x64
		{CF51C037-BFD3-4359-8F7C-8872729C81DA}.Ad-Hoc|x64.Build.0 = Release|x64
		{CF51C037-BFD3-4359-8F7C-8872729C81DA}.Ad-Hoc|x64.Deploy.0 = Release|x64
		{CF51C037-BFD3-4359-8F7C-8872729C81DA}.Ad-Hoc|x86.ActiveCfg = Release|x86
		{CF51C037-BFD3-4359-8F7C-8872729C81DA}.Ad-Hoc|x86.Build.0 = Release|x86
		{CF51C037-BFD3-4359-8F7C-8872729C81DA}.Ad-Hoc|x86.Deploy.0 = Release|x86
		{CF51C037-BFD3-4359-8F7C-8872729C81DA}.AppStore|Any CPU.ActiveCfg = Release|x86
		{CF51C037-BFD3-4359-8F7C-8872729C81DA}.AppStore|Any CPU.Build.0 = Release|x86
		{CF51C037-BFD3-4359-8F7C-8872729C81DA}.AppStore|Any CPU.Deploy.0 = Release|x86
		{CF51C037-BFD3-4359-8F7C-8872729C81DA}.AppStore|ARM.ActiveCfg = Release|ARM
		{CF51C037-BFD3-4359-8F7C-8872729C81DA}.AppStore|ARM.Build.0 = Release|ARM
		{CF51C037-BFD3-4359-8F7C-8872729C81DA}.AppStore|ARM.Deploy.0 = Release|ARM
		{CF51C037-BFD3-4359-8F7C-8872729C81DA}.AppStore|iPhone.ActiveCfg = Release|x86
		{CF51C037-BFD3-4359-8F7C-8872729C81DA}.AppStore|iPhone.Build.0 = Release|x86
		{CF51C037-BFD3-4359-8F7C-8872729C81DA}.AppStore|iPhone.Deploy.0 = Release|x86
		{CF51C037-BFD3-4359-8F7C-8872729C81DA}.AppStore|iPhoneSimulator.ActiveCfg = Release|x86
		{CF51C037-BFD3-4359-8F7C-8872729C81DA}.AppStore|iPhoneSimulator.Build.0 = Release|x86
		{CF51C037-BFD3-4359-8F7C-8872729C81DA}.AppStore|iPhoneSimulator.Deploy.0 = Release|x86
		{CF51C037-BFD3-4359-8F7C-8872729C81DA}.AppStore|x64.ActiveCfg = Release|x64
		{CF51C037-BFD3-4359-8F7C-8872729C81DA}.AppStore|x64.Build.0 = Release|x64
		{CF51C037-BFD3-4359-8F7C-8872729C81DA}.AppStore|x64.Deploy.0 = Release|x64
		{CF51C037-BFD3-4359-8F7C-8872729C81DA}.AppStore|x86.ActiveCfg = Release|x86
		{CF51C037-BFD3-4359-8F7C-8872729C81DA}.AppStore|x86.Build.0 = Release|x86
		{CF51C037-BFD3-4359-8F7C-8872729C81DA}.AppStore|x86.Deploy.0 = Release|x86
		{CF51C037-BFD3-4359-8F7C-8872729C81DA}.Debug|Any CPU.ActiveCfg = Debug|x86
		{CF51C037-BFD3-4359-8F7C-8872729C81DA}.Debug|ARM.ActiveCfg = Debug|ARM
		{CF51C037-BFD3-4359-8F7C-8872729C81DA}.Debug|ARM.Build.0 = Debug|ARM
		{CF51C037-BFD3-4359-8F7C-8872729C81DA}.Debug|ARM.Deploy.0 = Debug|ARM
		{CF51C037-BFD3-4359-8F7C-8872729C81DA}.Debug|iPhone.ActiveCfg = Debug|x86
		{CF51C037-BFD3-4359-8F7C-8872729C81DA}.Debug|iPhoneSimulator.ActiveCfg = Debug|x86
		{CF51C037-BFD3-4359-8F7C-8872729C81DA}.Debug|x64.ActiveCfg = Debug|x64
		{CF51C037-BFD3-4359-8F7C-8872729C81DA}.Debug|x64.Build.0 = Debug|x64
		{CF51C037-BFD3-4359-8F7C-8872729C81DA}.Debug|x64.Deploy.0 = Debug|x64
		{CF51C037-BFD3-4359-8F7C-8872729C81DA}.Debug|x86.ActiveCfg = Debug|x86
		{CF51C037-BFD3-4359-8F7C-8872729C81DA}.Debug|x86.Build.0 = Debug|x86
		{CF51C037-BFD3-4359-8F7C-8872729C81DA}.Debug|x86.Deploy.0 = Debug|x86
		{CF51C037-BFD3-4359-8F7C-8872729C81DA}.Release|Any CPU.ActiveCfg = Release|x86
		{CF51C037-BFD3-4359-8F7C-8872729C81DA}.Release|ARM.ActiveCfg = Release|ARM
		{CF51C037-BFD3-4359-8F7C-8872729C81DA}.Release|ARM.Build.0 = Release|ARM
		{CF51C037-BFD3-4359-8F7C-8872729C81DA}.Release|ARM.Deploy.0 = Release|ARM
		{CF51C037-BFD3-4359-8F7C-8872729C81DA}.Release|iPhone.ActiveCfg = Release|x86
		{CF51C037-BFD3-4359-8F7C-8872729C81DA}.Release|iPhoneSimulator.ActiveCfg = Release|x86
		{CF51C037-BFD3-4359-8F7C-8872729C81DA}.Release|x64.ActiveCfg = Release|x64
		{CF51C037-BFD3-4359-8F7C-8872729C81DA}.Release|x64.Build.0 = Release|x64
		{CF51C037-BFD3-4359-8F7C-8872729C81DA}.Release|x64.Deploy.0 = Release|x64
		{CF51C037-BFD3-4359-8F7C-8872729C81DA}.Release|x86.ActiveCfg = Release|x86
		{CF51C037-BFD3-4359-8F7C-8872729C81DA}.Release|x86.Build.0 = Release|x86
		{CF51C037-BFD3-4359-8F7C-8872729C81DA}.Release|x86.Deploy.0 = Release|x86
	EndGlobalSection
	GlobalSection(SolutionProperties) = preSolution
		HideSolutionNode = FALSE
	EndGlobalSection
	GlobalSection(ExtensibilityGlobals) = postSolution
		SolutionGuid = {F0F27D1D-A43B-4092-B511-312AA3EBAEE8}
	EndGlobalSection
EndGlobal
